
Microsoft Visual Studio Solution File, Format Version 12.00
# Visual Studio 14
VisualStudioVersion = 14.0.25420.1
MinimumVisualStudioVersion = 10.0.40219.1
Project("{00D1A9C2-B5F0-4AF3-8072-F6C62B433612}") = "DB", "DB\DB.sqlproj", "{6C2B6292-8B3A-4890-B049-3AD8C7BAB61F}"
EndProject
Project("{FAE04EC0-301F-11D3-BF4B-00C04F79EFBC}") = "API", "API\API.csproj", "{81D116EF-E9C5-4D47-B34D-00A8F97312B3}"
EndProject
Project("{8BB2217D-0F2D-49D1-97BC-3654ED321F3B}") = "WebApp", "WebApp\WebApp.xproj", "{41CDBEB7-E30C-48CE-86F9-E940810A45B4}"
EndProject
Global
	GlobalSection(SolutionConfigurationPlatforms) = preSolution
		Debug|Any CPU = Debug|Any CPU
		Release|Any CPU = Release|Any CPU
	EndGlobalSection
	GlobalSection(ProjectConfigurationPlatforms) = postSolution
		{6C2B6292-8B3A-4890-B049-3AD8C7BAB61F}.Debug|Any CPU.ActiveCfg = Debug|Any CPU
		{6C2B6292-8B3A-4890-B049-3AD8C7BAB61F}.Debug|Any CPU.Build.0 = Debug|Any CPU
		{6C2B6292-8B3A-4890-B049-3AD8C7BAB61F}.Debug|Any CPU.Deploy.0 = Debug|Any CPU
		{6C2B6292-8B3A-4890-B049-3AD8C7BAB61F}.Release|Any CPU.ActiveCfg = Release|Any CPU
		{6C2B6292-8B3A-4890-B049-3AD8C7BAB61F}.Release|Any CPU.Build.0 = Release|Any CPU
		{6C2B6292-8B3A-4890-B049-3AD8C7BAB61F}.Release|Any CPU.Deploy.0 = Release|Any CPU
		{81D116EF-E9C5-4D47-B34D-00A8F97312B3}.Debug|Any CPU.ActiveCfg = Debug|Any CPU
		{81D116EF-E9C5-4D47-B34D-00A8F97312B3}.Debug|Any CPU.Build.0 = Debug|Any CPU
		{81D116EF-E9C5-4D47-B34D-00A8F97312B3}.Release|Any CPU.ActiveCfg = Release|Any CPU
		{81D116EF-E9C5-4D47-B34D-00A8F97312B3}.Release|Any CPU.Build.0 = Release|Any CPU
		{41CDBEB7-E30C-48CE-86F9-E940810A45B4}.Debug|Any CPU.ActiveCfg = Debug|Any CPU
		{41CDBEB7-E30C-48CE-86F9-E940810A45B4}.Debug|Any CPU.Build.0 = Debug|Any CPU
		{41CDBEB7-E30C-48CE-86F9-E940810A45B4}.Release|Any CPU.ActiveCfg = Release|Any CPU
		{41CDBEB7-E30C-48CE-86F9-E940810A45B4}.Release|Any CPU.Build.0 = Release|Any CPU
	EndGlobalSection
	GlobalSection(SolutionProperties) = preSolution
		HideSolutionNode = FALSE
	EndGlobalSection
EndGlobal
